
Microsoft Visual Studio Solution File, Format Version 12.00
# Visual Studio 15
VisualStudioVersion = 15.0.26430.6
MinimumVisualStudioVersion = 10.0.40219.1
Project("{8BC9CEB8-8B4A-11D0-8D11-00A0C91BC942}") = "Orcs vs Trolls", "Orcs vs Trolls\Orcs vs Trolls.vcxproj", "{37D59B78-80AB-44D4-AC2C-1AA7B1090785}"
EndProject
Global
	GlobalSection(SolutionConfigurationPlatforms) = preSolution
		Debug|x64 = Debug|x64
		Debug|x86 = Debug|x86
		Release|x64 = Release|x64
		Release|x86 = Release|x86
	EndGlobalSection
	GlobalSection(ProjectConfigurationPlatforms) = postSolution
		{37D59B78-80AB-44D4-AC2C-1AA7B1090785}.Debug|x64.ActiveCfg = Debug|x64
		{37D59B78-80AB-44D4-AC2C-1AA7B1090785}.Debug|x64.Build.0 = Debug|x64
		{37D59B78-80AB-44D4-AC2C-1AA7B1090785}.Debug|x86.ActiveCfg = Debug|Win32
		{37D59B78-80AB-44D4-AC2C-1AA7B1090785}.Debug|x86.Build.0 = Debug|Win32
		{37D59B78-80AB-44D4-AC2C-1AA7B1090785}.Release|x64.ActiveCfg = Release|x64
		{37D59B78-80AB-44D4-AC2C-1AA7B1090785}.Release|x64.Build.0 = Release|x64
		{37D59B78-80AB-44D4-AC2C-1AA7B1090785}.Release|x86.ActiveCfg = Release|Win32
		{37D59B78-80AB-44D4-AC2C-1AA7B1090785}.Release|x86.Build.0 = Release|Win32
	EndGlobalSection
	GlobalSection(SolutionProperties) = preSolution
		HideSolutionNode = FALSE
	EndGlobalSection
EndGlobal
